// !$*UTF8*$!
{
	archiveVersion = 1;
	classes = {
	};
	objectVersion = 50;
	objects = {

/* Begin PBXBuildFile section */
		DAE1297622B80D54001AD49C /* AppDelegate.swift in Sources */ = {isa = PBXBuildFile; fileRef = DAE1297522B80D54001AD49C /* AppDelegate.swift */; };
		DAE1297822B80D54001AD49C /* ViewController.swift in Sources */ = {isa = PBXBuildFile; fileRef = DAE1297722B80D54001AD49C /* ViewController.swift */; };
		DAE1297B22B80D54001AD49C /* Main.storyboard in Resources */ = {isa = PBXBuildFile; fileRef = DAE1297922B80D54001AD49C /* Main.storyboard */; };
		DAE1297D22B80D56001AD49C /* Assets.xcassets in Resources */ = {isa = PBXBuildFile; fileRef = DAE1297C22B80D56001AD49C /* Assets.xcassets */; };
		DAE1298022B80D56001AD49C /* LaunchScreen.storyboard in Resources */ = {isa = PBXBuildFile; fileRef = DAE1297E22B80D56001AD49C /* LaunchScreen.storyboard */; };
		DAE1298922B81DF8001AD49C /* PDFViewerViewController.swift in Sources */ = {isa = PBXBuildFile; fileRef = DAE1298822B81DF8001AD49C /* PDFViewerViewController.swift */; };
/* End PBXBuildFile section */

/* Begin PBXFileReference section */
		DAE1297222B80D54001AD49C /* ReplaceText.app */ = {isa = PBXFileReference; explicitFileType = wrapper.application; includeInIndex = 0; path = ReplaceText.app; sourceTree = BUILT_PRODUCTS_DIR; };
		DAE1297522B80D54001AD49C /* AppDelegate.swift */ = {isa = PBXFileReference; lastKnownFileType = sourcecode.swift; path = AppDelegate.swift; sourceTree = "<group>"; };
		DAE1297722B80D54001AD49C /* ViewController.swift */ = {isa = PBXFileReference; lastKnownFileType = sourcecode.swift; path = ViewController.swift; sourceTree = "<group>"; };
		DAE1297A22B80D54001AD49C /* Base */ = {isa = PBXFileReference; lastKnownFileType = file.storyboard; name = Base; path = Base.lproj/Main.storyboard; sourceTree = "<group>"; };
		DAE1297C22B80D56001AD49C /* Assets.xcassets */ = {isa = PBXFileReference; lastKnownFileType = folder.assetcatalog; path = Assets.xcassets; sourceTree = "<group>"; };
		DAE1297F22B80D56001AD49C /* Base */ = {isa = PBXFileReference; lastKnownFileType = file.storyboard; name = Base; path = Base.lproj/LaunchScreen.storyboard; sourceTree = "<group>"; };
		DAE1298122B80D56001AD49C /* Info.plist */ = {isa = PBXFileReference; lastKnownFileType = text.plist.xml; path = Info.plist; sourceTree = "<group>"; };
		DAE1298722B80F0E001AD49C /* ReplaceText.entitlements */ = {isa = PBXFileReference; lastKnownFileType = text.plist.entitlements; path = ReplaceText.entitlements; sourceTree = "<group>"; };
		DAE1298822B81DF8001AD49C /* PDFViewerViewController.swift */ = {isa = PBXFileReference; lastKnownFileType = sourcecode.swift; path = PDFViewerViewController.swift; sourceTree = "<group>"; };
/* End PBXFileReference section */

/* Begin PBXFrameworksBuildPhase section */
		DAE1296F22B80D54001AD49C /* Frameworks */ = {
			isa = PBXFrameworksBuildPhase;
			buildActionMask = 2147483647;
			files = (
			);
			runOnlyForDeploymentPostprocessing = 0;
		};
/* End PBXFrameworksBuildPhase section */

/* Begin PBXGroup section */
		DAE1296922B80D54001AD49C = {
			isa = PBXGroup;
			children = (
				DAE1297422B80D54001AD49C /* ReplaceText */,
				DAE1297322B80D54001AD49C /* Products */,
			);
			sourceTree = "<group>";
		};
		DAE1297322B80D54001AD49C /* Products */ = {
			isa = PBXGroup;
			children = (
				DAE1297222B80D54001AD49C /* ReplaceText.app */,
			);
			name = Products;
			sourceTree = "<group>";
		};
		DAE1297422B80D54001AD49C /* ReplaceText */ = {
			isa = PBXGroup;
			children = (
				DAE1298722B80F0E001AD49C /* ReplaceText.entitlements */,
				DAE1297522B80D54001AD49C /* AppDelegate.swift */,
				DAE1297722B80D54001AD49C /* ViewController.swift */,
				DAE1298822B81DF8001AD49C /* PDFViewerViewController.swift */,
				DAE1297922B80D54001AD49C /* Main.storyboard */,
				DAE1297C22B80D56001AD49C /* Assets.xcassets */,
				DAE1297E22B80D56001AD49C /* LaunchScreen.storyboard */,
				DAE1298122B80D56001AD49C /* Info.plist */,
			);
			path = ReplaceText;
			sourceTree = "<group>";
		};
/* End PBXGroup section */

/* Begin PBXNativeTarget section */
		DAE1297122B80D54001AD49C /* ReplaceText */ = {
			isa = PBXNativeTarget;
			buildConfigurationList = DAE1298422B80D56001AD49C /* Build configuration list for PBXNativeTarget "ReplaceText" */;
			buildPhases = (
				DAE1296E22B80D54001AD49C /* Sources */,
				DAE1296F22B80D54001AD49C /* Frameworks */,
				DAE1297022B80D54001AD49C /* Resources */,
			);
			buildRules = (
			);
			dependencies = (
			);
			name = ReplaceText;
			productName = ReplaceText;
			productReference = DAE1297222B80D54001AD49C /* ReplaceText.app */;
			productType = "com.apple.product-type.application";
		};
/* End PBXNativeTarget section */

/* Begin PBXProject section */
		DAE1296A22B80D54001AD49C /* Project object */ = {
			isa = PBXProject;
			attributes = {
				LastSwiftUpdateCheck = 1020;
				LastUpgradeCheck = 1020;
				ORGANIZATIONNAME = "Elsayed Hussein";
				TargetAttributes = {
					DAE1297122B80D54001AD49C = {
						CreatedOnToolsVersion = 10.2;
						SystemCapabilities = {
							com.apple.iCloud = {
								enabled = 1;
							};
						};
					};
				};
			};
			buildConfigurationList = DAE1296D22B80D54001AD49C /* Build configuration list for PBXProject "ReplaceText" */;
			compatibilityVersion = "Xcode 9.3";
			developmentRegion = en;
			hasScannedForEncodings = 0;
			knownRegions = (
				en,
				Base,
			);
			mainGroup = DAE1296922B80D54001AD49C;
			productRefGroup = DAE1297322B80D54001AD49C /* Products */;
			projectDirPath = "";
			projectRoot = "";
			targets = (
				DAE1297122B80D54001AD49C /* ReplaceText */,
			);
		};
/* End PBXProject section */

/* Begin PBXResourcesBuildPhase section */
		DAE1297022B80D54001AD49C /* Resources */ = {
			isa = PBXResourcesBuildPhase;
			buildActionMask = 2147483647;
			files = (
				DAE1298022B80D56001AD49C /* LaunchScreen.storyboard in Resources */,
				DAE1297D22B80D56001AD49C /* Assets.xcassets in Resources */,
				DAE1297B22B80D54001AD49C /* Main.storyboard in Resources */,
			);
			runOnlyForDeploymentPostprocessing = 0;
		};
/* End PBXResourcesBuildPhase section */

/* Begin PBXSourcesBuildPhase section */
		DAE1296E22B80D54001AD49C /* Sources */ = {
			isa = PBXSourcesBuildPhase;
			buildActionMask = 2147483647;
			files = (
				DAE1298922B81DF8001AD49C /* PDFViewerViewController.swift in Sources */,
				DAE1297822B80D54001AD49C /* ViewController.swift in Sources */,
				DAE1297622B80D54001AD49C /* AppDelegate.swift in Sources */,
			);
			runOnlyForDeploymentPostprocessing = 0;
		};
/* End PBXSourcesBuildPhase section */

/* Begin PBXVariantGroup section */
		DAE1297922B80D54001AD49C /* Main.storyboard */ = {
			isa = PBXVariantGroup;
			children = (
				DAE1297A22B80D54001AD49C /* Base */,
			);
			name = Main.storyboard;
			sourceTree = "<group>";
		};
		DAE1297E22B80D56001AD49C /* LaunchScreen.storyboard */ = {
			isa = PBXVariantGroup;
			children = (
				DAE1297F22B80D56001AD49C /* Base */,
			);
			name = LaunchScreen.storyboard;
			sourceTree = "<group>";
		};
/* End PBXVariantGroup section */

/* Begin XCBuildConfiguration section */
		DAE1298222B80D56001AD49C /* Debug */ = {
			isa = XCBuildConfiguration;
			buildSettings = {
				ALWAYS_SEARCH_USER_PATHS = NO;
				CLANG_ANALYZER_NONNULL = YES;
				CLANG_ANALYZER_NUMBER_OBJECT_CONVERSION = YES_AGGRESSIVE;
				CLANG_CXX_LANGUAGE_STANDARD = "gnu++14";
				CLANG_CXX_LIBRARY = "libc++";
				CLANG_ENABLE_MODULES = YES;
				CLANG_ENABLE_OBJC_ARC = YES;
				CLANG_ENABLE_OBJC_WEAK = YES;
				CLANG_WARN_BLOCK_CAPTURE_AUTORELEASING = YES;
				CLANG_WARN_BOOL_CONVERSION = YES;
				CLANG_WARN_COMMA = YES;
				CLANG_WARN_CONSTANT_CONVERSION = YES;
				CLANG_WARN_DEPRECATED_OBJC_IMPLEMENTATIONS = YES;
				CLANG_WARN_DIRECT_OBJC_ISA_USAGE = YES_ERROR;
				CLANG_WARN_DOCUMENTATION_COMMENTS = YES;
				CLANG_WARN_EMPTY_BODY = YES;
				CLANG_WARN_ENUM_CONVERSION = YES;
				CLANG_WARN_INFINITE_RECURSION = YES;
				CLANG_WARN_INT_CONVERSION = YES;
				CLANG_WARN_NON_LITERAL_NULL_CONVERSION = YES;
				CLANG_WARN_OBJC_IMPLICIT_RETAIN_SELF = YES;
				CLANG_WARN_OBJC_LITERAL_CONVERSION = YES;
				CLANG_WARN_OBJC_ROOT_CLASS = YES_ERROR;
				CLANG_WARN_RANGE_LOOP_ANALYSIS = YES;
				CLANG_WARN_STRICT_PROTOTYPES = YES;
				CLANG_WARN_SUSPICIOUS_MOVE = YES;
				CLANG_WARN_UNGUARDED_AVAILABILITY = YES_AGGRESSIVE;
				CLANG_WARN_UNREACHABLE_CODE = YES;
				CLANG_WARN__DUPLICATE_METHOD_MATCH = YES;
				CODE_SIGN_IDENTITY = "iPhone Developer";
				COPY_PHASE_STRIP = NO;
				DEBUG_INFORMATION_FORMAT = dwarf;
				ENABLE_STRICT_OBJC_MSGSEND = YES;
				ENABLE_TESTABILITY = YES;
				GCC_C_LANGUAGE_STANDARD = gnu11;
				GCC_DYNAMIC_NO_PIC = NO;
				GCC_NO_COMMON_BLOCKS = YES;
				GCC_OPTIMIZATION_LEVEL = 0;
				GCC_PREPROCESSOR_DEFINITIONS = (
					"DEBUG=1",
					"$(inherited)",
				);
				GCC_WARN_64_TO_32_BIT_CONVERSION = YES;
				GCC_WARN_ABOUT_RETURN_TYPE = YES_ERROR;
				GCC_WARN_UNDECLARED_SELECTOR = YES;
				GCC_WARN_UNINITIALIZED_AUTOS = YES_AGGRESSIVE;
				GCC_WARN_UNUSED_FUNCTION = YES;
				GCC_WARN_UNUSED_VARIABLE = YES;
				IPHONEOS_DEPLOYMENT_TARGET = 12.2;
				MTL_ENABLE_DEBUG_INFO = INCLUDE_SOURCE;
				MTL_FAST_MATH = YES;
				ONLY_ACTIVE_ARCH = YES;
				SDKROOT = iphoneos;
				SWIFT_ACTIVE_COMPILATION_CONDITIONS = DEBUG;
				SWIFT_OPTIMIZATION_LEVEL = "-Onone";
			};
			name = Debug;
		};
		DAE1298322B80D56001AD49C /* Release */ = {
			isa = XCBuildConfiguration;
			buildSettings = {
				ALWAYS_SEARCH_USER_PATHS = NO;
				CLANG_ANALYZER_NONNULL = YES;
				CLANG_ANALYZER_NUMBER_OBJECT_CONVERSION = YES_AGGRESSIVE;
				CLANG_CXX_LANGUAGE_STANDARD = "gnu++14";
				CLANG_CXX_LIBRARY = "libc++";
				CLANG_ENABLE_MODULES = YES;
				CLANG_ENABLE_OBJC_ARC = YES;
				CLANG_ENABLE_OBJC_WEAK = YES;
				CLANG_WARN_BLOCK_CAPTURE_AUTORELEASING = YES;
				CLANG_WARN_BOOL_CONVERSION = YES;
				CLANG_WARN_COMMA = YES;
				CLANG_WARN_CONSTANT_CONVERSION = YES;
				CLANG_WARN_DEPRECATED_OBJC_IMPLEMENTATIONS = YES;
				CLANG_WARN_DIRECT_OBJC_ISA_USAGE = YES_ERROR;
				CLANG_WARN_DOCUMENTATION_COMMENTS = YES;
				CLANG_WARN_EMPTY_BODY = YES;
				CLANG_WARN_ENUM_CONVERSION = YES;
				CLANG_WARN_INFINITE_RECURSION = YES;
				CLANG_WARN_INT_CONVERSION = YES;
				CLANG_WARN_NON_LITERAL_NULL_CONVERSION = YES;
				CLANG_WARN_OBJC_IMPLICIT_RETAIN_SELF = YES;
				CLANG_WARN_OBJC_LITERAL_CONVERSION = YES;
				CLANG_WARN_OBJC_ROOT_CLASS = YES_ERROR;
				CLANG_WARN_RANGE_LOOP_ANALYSIS = YES;
				CLANG_WARN_STRICT_PROTOTYPES = YES;
				CLANG_WARN_SUSPICIOUS_MOVE = YES;
				CLANG_WARN_UNGUARDED_AVAILABILITY = YES_AGGRESSIVE;
				CLANG_WARN_UNREACHABLE_CODE = YES;
				CLANG_WARN__DUPLICATE_METHOD_MATCH = YES;
				CODE_SIGN_IDENTITY = "iPhone Developer";
				COPY_PHASE_STRIP = NO;
				DEBUG_INFORMATION_FORMAT = "dwarf-with-dsym";
				ENABLE_NS_ASSERTIONS = NO;
				ENABLE_STRICT_OBJC_MSGSEND = YES;
				GCC_C_LANGUAGE_STANDARD = gnu11;
				GCC_NO_COMMON_BLOCKS = YES;
				GCC_WARN_64_TO_32_BIT_CONVERSION = YES;
				GCC_WARN_ABOUT_RETURN_TYPE = YES_ERROR;
				GCC_WARN_UNDECLARED_SELECTOR = YES;
				GCC_WARN_UNINITIALIZED_AUTOS = YES_AGGRESSIVE;
				GCC_WARN_UNUSED_FUNCTION = YES;
				GCC_WARN_UNUSED_VARIABLE = YES;
				IPHONEOS_DEPLOYMENT_TARGET = 12.2;
				MTL_ENABLE_DEBUG_INFO = NO;
				MTL_FAST_MATH = YES;
				SDKROOT = iphoneos;
				SWIFT_COMPILATION_MODE = wholemodule;
				SWIFT_OPTIMIZATION_LEVEL = "-O";
				VALIDATE_PRODUCT = YES;
			};
			name = Release;
		};
		DAE1298522B80D56001AD49C /* Debug */ = {
			isa = XCBuildConfiguration;
			buildSettings = {
				ASSETCATALOG_COMPILER_APPICON_NAME = AppIcon;
				CODE_SIGN_ENTITLEMENTS = ReplaceText/ReplaceText.entitlements;
				CODE_SIGN_STYLE = Automatic;
				DEVELOPMENT_TEAM = E9WC5VCAQB;
				INFOPLIST_FILE = ReplaceText/Info.plist;
				LD_RUNPATH_SEARCH_PATHS = (
					"$(inherited)",
					"@executable_path/Frameworks",
				);
				PRODUCT_BUNDLE_IDENTIFIER = com.bokhary.ReplaceText;
				PRODUCT_NAME = "$(TARGET_NAME)";
				SWIFT_VERSION = 4.0;
				TARGETED_DEVICE_FAMILY = "1,2";
			};
			name = Debug;
		};
		DAE1298622B80D56001AD49C /* Release */ = {
			isa = XCBuildConfiguration;
			buildSettings = {
				ASSETCATALOG_COMPILER_APPICON_NAME = AppIcon;
				CODE_SIGN_ENTITLEMENTS = ReplaceText/ReplaceText.entitlements;
				CODE_SIGN_STYLE = Automatic;
				DEVELOPMENT_TEAM = E9WC5VCAQB;
				INFOPLIST_FILE = ReplaceText/Info.plist;
				LD_RUNPATH_SEARCH_PATHS = (
					"$(inherited)",
					"@executable_path/Frameworks",
				);
				PRODUCT_BUNDLE_IDENTIFIER = com.bokhary.ReplaceText;
				PRODUCT_NAME = "$(TARGET_NAME)";
				SWIFT_VERSION = 4.0;
				TARGETED_DEVICE_FAMILY = "1,2";
			};
			name = Release;
		};
/* End XCBuildConfiguration section */

/* Begin XCConfigurationList section */
		DAE1296D22B80D54001AD49C /* Build configuration list for PBXProject "ReplaceText" */ = {
			isa = XCConfigurationList;
			buildConfigurations = (
				DAE1298222B80D56001AD49C /* Debug */,
				DAE1298322B80D56001AD49C /* Release */,
			);
			defaultConfigurationIsVisible = 0;
			defaultConfigurationName = Release;
		};
		DAE1298422B80D56001AD49C /* Build configuration list for PBXNativeTarget "ReplaceText" */ = {
			isa = XCConfigurationList;
			buildConfigurations = (
				DAE1298522B80D56001AD49C /* Debug */,
				DAE1298622B80D56001AD49C /* Release */,
			);
			defaultConfigurationIsVisible = 0;
			defaultConfigurationName = Release;
		};
/* End XCConfigurationList section */
	};
	rootObject = DAE1296A22B80D54001AD49C /* Project object */;
}
